
Microsoft Visual Studio Solution File, Format Version 12.00
# Visual Studio Version 16
VisualStudioVersion = 16.0.32126.315
MinimumVisualStudioVersion = 10.0.40219.1
Project("{FAE04EC0-301F-11D3-BF4B-00C04F79EFBC}") = "EXERCICIOS IF ELSE", "EXERCICIOS IF ELSE\EXERCICIOS IF ELSE.csproj", "{4BC67DE2-EC37-467A-B408-1E6BD98D3B74}"
EndProject
Project("{FAE04EC0-301F-11D3-BF4B-00C04F79EFBC}") = "Leia 2 valores inteiros (A e B)", "Leia 2 valores inteiros (A e B)\Leia 2 valores inteiros (A e B).csproj", "{E4AB6DBC-9F55-4E36-926B-8FD241B06735}"
EndProject
Project("{FAE04EC0-301F-11D3-BF4B-00C04F79EFBC}") = "RENDA E IMPOSTO DE RENDE QUEM PAGA E QUEM NAO PRECISA PAGAR", "RENDA E IMPOSTO DE RENDE QUEM PAGA E QUEM NAO PRECISA PAGAR\RENDA E IMPOSTO DE RENDE QUEM PAGA E QUEM NAO PRECISA PAGAR.csproj", "{E6B603A4-A1C6-4B20-9328-1EA5D3E8D4C7}"
EndProject
Project("{FAE04EC0-301F-11D3-BF4B-00C04F79EFBC}") = "programinha de ler 3 numeros e mostras quem e o maior", "programinha de ler 3 numeros e mostras quem e o maior\programinha de ler 3 numeros e mostras quem e o maior.csproj", "{E8C8C7DA-D20A-4299-8B82-BC7F5D0F2412}"
EndProject
Project("{FAE04EC0-301F-11D3-BF4B-00C04F79EFBC}") = "ESTRUTURA DE REPETIÇAO", "debugando\ESTRUTURA DE REPETIÇAO.csproj", "{3F4E35EE-949F-4B5A-92AE-9F49EA46CC2E}"
EndProject
Project("{FAE04EC0-301F-11D3-BF4B-00C04F79EFBC}") = "PROGRAMA QUE REPELE SENHA", "PROGRAMA QUE REPELE SENHA\PROGRAMA QUE REPELE SENHA.csproj", "{BB8100F0-8EA3-431D-BB31-D13598E1D0F5}"
EndProject
Project("{FAE04EC0-301F-11D3-BF4B-00C04F79EFBC}") = "PROGRAMINHAANALISANDO PONTOS CARTESIANOS", "ANALISANDO PONTOS CARTESIANOS\PROGRAMINHAANALISANDO PONTOS CARTESIANOS.csproj", "{F57AFE5E-72EB-4E94-90AB-13DE0B82BC7C}"
EndProject
Project("{FAE04EC0-301F-11D3-BF4B-00C04F79EFBC}") = "PROGRAMINHA POSTO DE COMBUSTIVEL", "PROGRAMINHA POSTO DE COMBUSTIVEL\PROGRAMINHA POSTO DE COMBUSTIVEL.csproj", "{DDEC90E7-9535-4AA7-8CBD-A40919AA6B68}"
EndProject
Global
	GlobalSection(SolutionConfigurationPlatforms) = preSolution
		Debug|Any CPU = Debug|Any CPU
		Release|Any CPU = Release|Any CPU
	EndGlobalSection
	GlobalSection(ProjectConfigurationPlatforms) = postSolution
		{4BC67DE2-EC37-467A-B408-1E6BD98D3B74}.Debug|Any CPU.ActiveCfg = Debug|Any CPU
		{4BC67DE2-EC37-467A-B408-1E6BD98D3B74}.Debug|Any CPU.Build.0 = Debug|Any CPU
		{4BC67DE2-EC37-467A-B408-1E6BD98D3B74}.Release|Any CPU.ActiveCfg = Release|Any CPU
		{4BC67DE2-EC37-467A-B408-1E6BD98D3B74}.Release|Any CPU.Build.0 = Release|Any CPU
		{E4AB6DBC-9F55-4E36-926B-8FD241B06735}.Debug|Any CPU.ActiveCfg = Debug|Any CPU
		{E4AB6DBC-9F55-4E36-926B-8FD241B06735}.Debug|Any CPU.Build.0 = Debug|Any CPU
		{E4AB6DBC-9F55-4E36-926B-8FD241B06735}.Release|Any CPU.ActiveCfg = Release|Any CPU
		{E4AB6DBC-9F55-4E36-926B-8FD241B06735}.Release|Any CPU.Build.0 = Release|Any CPU
		{E6B603A4-A1C6-4B20-9328-1EA5D3E8D4C7}.Debug|Any CPU.ActiveCfg = Debug|Any CPU
		{E6B603A4-A1C6-4B20-9328-1EA5D3E8D4C7}.Debug|Any CPU.Build.0 = Debug|Any CPU
		{E6B603A4-A1C6-4B20-9328-1EA5D3E8D4C7}.Release|Any CPU.ActiveCfg = Release|Any CPU
		{E6B603A4-A1C6-4B20-9328-1EA5D3E8D4C7}.Release|Any CPU.Build.0 = Release|Any CPU
		{E8C8C7DA-D20A-4299-8B82-BC7F5D0F2412}.Debug|Any CPU.ActiveCfg = Debug|Any CPU
		{E8C8C7DA-D20A-4299-8B82-BC7F5D0F2412}.Debug|Any CPU.Build.0 = Debug|Any CPU
		{E8C8C7DA-D20A-4299-8B82-BC7F5D0F2412}.Release|Any CPU.ActiveCfg = Release|Any CPU
		{E8C8C7DA-D20A-4299-8B82-BC7F5D0F2412}.Release|Any CPU.Build.0 = Release|Any CPU
		{3F4E35EE-949F-4B5A-92AE-9F49EA46CC2E}.Debug|Any CPU.ActiveCfg = Debug|Any CPU
		{3F4E35EE-949F-4B5A-92AE-9F49EA46CC2E}.Debug|Any CPU.Build.0 = Debug|Any CPU
		{3F4E35EE-949F-4B5A-92AE-9F49EA46CC2E}.Release|Any CPU.ActiveCfg = Release|Any CPU
		{3F4E35EE-949F-4B5A-92AE-9F49EA46CC2E}.Release|Any CPU.Build.0 = Release|Any CPU
		{BB8100F0-8EA3-431D-BB31-D13598E1D0F5}.Debug|Any CPU.ActiveCfg = Debug|Any CPU
		{BB8100F0-8EA3-431D-BB31-D13598E1D0F5}.Debug|Any CPU.Build.0 = Debug|Any CPU
		{BB8100F0-8EA3-431D-BB31-D13598E1D0F5}.Release|Any CPU.ActiveCfg = Release|Any CPU
		{BB8100F0-8EA3-431D-BB31-D13598E1D0F5}.Release|Any CPU.Build.0 = Release|Any CPU
		{F57AFE5E-72EB-4E94-90AB-13DE0B82BC7C}.Debug|Any CPU.ActiveCfg = Debug|Any CPU
		{F57AFE5E-72EB-4E94-90AB-13DE0B82BC7C}.Debug|Any CPU.Build.0 = Debug|Any CPU
		{F57AFE5E-72EB-4E94-90AB-13DE0B82BC7C}.Release|Any CPU.ActiveCfg = Release|Any CPU
		{F57AFE5E-72EB-4E94-90AB-13DE0B82BC7C}.Release|Any CPU.Build.0 = Release|Any CPU
		{DDEC90E7-9535-4AA7-8CBD-A40919AA6B68}.Debug|Any CPU.ActiveCfg = Debug|Any CPU
		{DDEC90E7-9535-4AA7-8CBD-A40919AA6B68}.Debug|Any CPU.Build.0 = Debug|Any CPU
		{DDEC90E7-9535-4AA7-8CBD-A40919AA6B68}.Release|Any CPU.ActiveCfg = Release|Any CPU
		{DDEC90E7-9535-4AA7-8CBD-A40919AA6B68}.Release|Any CPU.Build.0 = Release|Any CPU
	EndGlobalSection
	GlobalSection(SolutionProperties) = preSolution
		HideSolutionNode = FALSE
	EndGlobalSection
	GlobalSection(ExtensibilityGlobals) = postSolution
		SolutionGuid = {DDDFD8E3-2E81-4318-854A-DFA618AE743B}
	EndGlobalSection
EndGlobal
